
Microsoft Visual Studio Solution File, Format Version 12.00
# Visual Studio Version 17
VisualStudioVersion = 17.7.34009.444
MinimumVisualStudioVersion = 10.0.40219.1
Project("{FAE04EC0-301F-11D3-BF4B-00C04F79EFBC}") = "PR1_Utkin", "PR1_Utkin\PR1_Utkin.csproj", "{E0EFF994-83F9-45EC-9CAF-CABFD792EBC2}"
EndProject
Global
	GlobalSection(SolutionConfigurationPlatforms) = preSolution
		Debug|Any CPU = Debug|Any CPU
		Release|Any CPU = Release|Any CPU
	EndGlobalSection
	GlobalSection(ProjectConfigurationPlatforms) = postSolution
		{E0EFF994-83F9-45EC-9CAF-CABFD792EBC2}.Debug|Any CPU.ActiveCfg = Debug|Any CPU
		{E0EFF994-83F9-45EC-9CAF-CABFD792EBC2}.Debug|Any CPU.Build.0 = Debug|Any CPU
		{E0EFF994-83F9-45EC-9CAF-CABFD792EBC2}.Release|Any CPU.ActiveCfg = Release|Any CPU
		{E0EFF994-83F9-45EC-9CAF-CABFD792EBC2}.Release|Any CPU.Build.0 = Release|Any CPU
	EndGlobalSection
	GlobalSection(SolutionProperties) = preSolution
		HideSolutionNode = FALSE
	EndGlobalSection
	GlobalSection(ExtensibilityGlobals) = postSolution
		SolutionGuid = {FA5D91BA-4B4E-491A-AD10-81C31AB7AC2A}
	EndGlobalSection
EndGlobal
